
Microsoft Visual Studio Solution File, Format Version 12.00
# Visual Studio Version 16
VisualStudioVersion = 16.0.29025.244
MinimumVisualStudioVersion = 10.0.40219.1
Project("{9A19103F-16F7-4668-BE54-9A1E7A4F7556}") = "OdhApiCore", "OdhApiCore\OdhApiCore.csproj", "{DFB72943-14EB-4BC4-891F-4C2292584D90}"
EndProject
Project("{E53339B2-1760-4266-BCC7-CA923CBCF16C}") = "docker-compose", "docker-compose.dcproj", "{48BEDD14-D366-4553-AD99-C35DDAF28FF2}"
EndProject
Project("{9A19103F-16F7-4668-BE54-9A1E7A4F7556}") = "Helper", "Helper\Helper.csproj", "{D87BA784-F2A9-4308-AAA9-A94A76922B1C}"
EndProject
Project("{2150E333-8FDC-42A3-9474-1A3956D46DE8}") = "Solution Items", "Solution Items", "{7698F85B-F8BB-4757-A981-E5763319498B}"
	ProjectSection(SolutionItems) = preProject
		README.md = README.md
	EndProjectSection
EndProject
Project("{9A19103F-16F7-4668-BE54-9A1E7A4F7556}") = "OdhApiCoreTests", "OdhApiCoreTests\OdhApiCoreTests.csproj", "{E193908F-3DB7-4865-B7DF-A9C1ADF7C2D5}"
EndProject
Project("{9A19103F-16F7-4668-BE54-9A1E7A4F7556}") = "DataModel", "DataModel\DataModel.csproj", "{B380784A-025B-4983-9FC2-6282759AB38F}"
EndProject
Project("{9A19103F-16F7-4668-BE54-9A1E7A4F7556}") = "LCS", "LCS\LCS.csproj", "{3615FA6D-4EA6-47D4-8CA7-D16B020CF434}"
EndProject
Project("{9A19103F-16F7-4668-BE54-9A1E7A4F7556}") = "MSS", "MSS\MSS.csproj", "{E0BC1889-A127-4CD6-BB83-325992434F4D}"
EndProject
Project("{9A19103F-16F7-4668-BE54-9A1E7A4F7556}") = "SIAG", "SIAG\SIAG.csproj", "{6D31C9B7-D0FF-4067-99D2-58344F29EB65}"
EndProject
Project("{9A19103F-16F7-4668-BE54-9A1E7A4F7556}") = "CDB", "CDB\CDB.csproj", "{8804E917-19A5-4AC8-A811-153992815EC6}"
EndProject
Project("{9A19103F-16F7-4668-BE54-9A1E7A4F7556}") = "SuedtirolWein", "SuedtirolWein\SuedtirolWein.csproj", "{C74C0E5F-F6F6-4F31-8037-3BD9BC4F8A9A}"
EndProject
Project("{6EC3EE1D-3C4E-46DD-8F32-0CC8E7565705}") = "RawQueryParser", "RawQueryParser\RawQueryParser.fsproj", "{AFEF98C8-8959-4A39-BAC8-936E928D2F01}"
EndProject
Project("{6EC3EE1D-3C4E-46DD-8F32-0CC8E7565705}") = "RawQueryParserTests", "RawQueryParserTests\RawQueryParserTests.fsproj", "{997319F9-49A5-4CF7-99BC-EEF54A8F3B45}"
EndProject
Project("{9A19103F-16F7-4668-BE54-9A1E7A4F7556}") = "EBMS", "EBMS\EBMS.csproj", "{158B7023-77E4-4AC9-9444-DC82CC098CDC}"
EndProject
Project("{9A19103F-16F7-4668-BE54-9A1E7A4F7556}") = "NINJA", "NINJA\NINJA.csproj", "{2DA90177-D105-48E4-A6DA-9422B328BF78}"
EndProject
Project("{9A19103F-16F7-4668-BE54-9A1E7A4F7556}") = "RAVEN", "RAVEN\RAVEN.csproj", "{AD6A0275-3699-49F6-B876-D672AC23AAD9}"
EndProject
Project("{FAE04EC0-301F-11D3-BF4B-00C04F79EFBC}") = "STA", "STA\STA.csproj", "{7CF11DF2-132A-4A3B-BC3C-22DD543FC5BE}"
EndProject
Global
	GlobalSection(SolutionConfigurationPlatforms) = preSolution
		Debug|Any CPU = Debug|Any CPU
		Release|Any CPU = Release|Any CPU
	EndGlobalSection
	GlobalSection(ProjectConfigurationPlatforms) = postSolution
		{DFB72943-14EB-4BC4-891F-4C2292584D90}.Debug|Any CPU.ActiveCfg = Debug|Any CPU
		{DFB72943-14EB-4BC4-891F-4C2292584D90}.Debug|Any CPU.Build.0 = Debug|Any CPU
		{DFB72943-14EB-4BC4-891F-4C2292584D90}.Release|Any CPU.ActiveCfg = Release|Any CPU
		{DFB72943-14EB-4BC4-891F-4C2292584D90}.Release|Any CPU.Build.0 = Release|Any CPU
		{48BEDD14-D366-4553-AD99-C35DDAF28FF2}.Debug|Any CPU.ActiveCfg = Debug|Any CPU
		{48BEDD14-D366-4553-AD99-C35DDAF28FF2}.Release|Any CPU.ActiveCfg = Release|Any CPU
		{48BEDD14-D366-4553-AD99-C35DDAF28FF2}.Release|Any CPU.Build.0 = Release|Any CPU
		{D87BA784-F2A9-4308-AAA9-A94A76922B1C}.Debug|Any CPU.ActiveCfg = Debug|Any CPU
		{D87BA784-F2A9-4308-AAA9-A94A76922B1C}.Debug|Any CPU.Build.0 = Debug|Any CPU
		{D87BA784-F2A9-4308-AAA9-A94A76922B1C}.Release|Any CPU.ActiveCfg = Release|Any CPU
		{D87BA784-F2A9-4308-AAA9-A94A76922B1C}.Release|Any CPU.Build.0 = Release|Any CPU
		{E193908F-3DB7-4865-B7DF-A9C1ADF7C2D5}.Debug|Any CPU.ActiveCfg = Debug|Any CPU
		{E193908F-3DB7-4865-B7DF-A9C1ADF7C2D5}.Debug|Any CPU.Build.0 = Debug|Any CPU
		{E193908F-3DB7-4865-B7DF-A9C1ADF7C2D5}.Release|Any CPU.ActiveCfg = Release|Any CPU
		{E193908F-3DB7-4865-B7DF-A9C1ADF7C2D5}.Release|Any CPU.Build.0 = Release|Any CPU
		{B380784A-025B-4983-9FC2-6282759AB38F}.Debug|Any CPU.ActiveCfg = Debug|Any CPU
		{B380784A-025B-4983-9FC2-6282759AB38F}.Debug|Any CPU.Build.0 = Debug|Any CPU
		{B380784A-025B-4983-9FC2-6282759AB38F}.Release|Any CPU.ActiveCfg = Release|Any CPU
		{B380784A-025B-4983-9FC2-6282759AB38F}.Release|Any CPU.Build.0 = Release|Any CPU
		{3615FA6D-4EA6-47D4-8CA7-D16B020CF434}.Debug|Any CPU.ActiveCfg = Debug|Any CPU
		{3615FA6D-4EA6-47D4-8CA7-D16B020CF434}.Debug|Any CPU.Build.0 = Debug|Any CPU
		{3615FA6D-4EA6-47D4-8CA7-D16B020CF434}.Release|Any CPU.ActiveCfg = Release|Any CPU
		{3615FA6D-4EA6-47D4-8CA7-D16B020CF434}.Release|Any CPU.Build.0 = Release|Any CPU
		{E0BC1889-A127-4CD6-BB83-325992434F4D}.Debug|Any CPU.ActiveCfg = Debug|Any CPU
		{E0BC1889-A127-4CD6-BB83-325992434F4D}.Debug|Any CPU.Build.0 = Debug|Any CPU
		{E0BC1889-A127-4CD6-BB83-325992434F4D}.Release|Any CPU.ActiveCfg = Release|Any CPU
		{E0BC1889-A127-4CD6-BB83-325992434F4D}.Release|Any CPU.Build.0 = Release|Any CPU
		{6D31C9B7-D0FF-4067-99D2-58344F29EB65}.Debug|Any CPU.ActiveCfg = Debug|Any CPU
		{6D31C9B7-D0FF-4067-99D2-58344F29EB65}.Debug|Any CPU.Build.0 = Debug|Any CPU
		{6D31C9B7-D0FF-4067-99D2-58344F29EB65}.Release|Any CPU.ActiveCfg = Release|Any CPU
		{6D31C9B7-D0FF-4067-99D2-58344F29EB65}.Release|Any CPU.Build.0 = Release|Any CPU
		{8804E917-19A5-4AC8-A811-153992815EC6}.Debug|Any CPU.ActiveCfg = Debug|Any CPU
		{8804E917-19A5-4AC8-A811-153992815EC6}.Debug|Any CPU.Build.0 = Debug|Any CPU
		{8804E917-19A5-4AC8-A811-153992815EC6}.Release|Any CPU.ActiveCfg = Release|Any CPU
		{8804E917-19A5-4AC8-A811-153992815EC6}.Release|Any CPU.Build.0 = Release|Any CPU
		{C74C0E5F-F6F6-4F31-8037-3BD9BC4F8A9A}.Debug|Any CPU.ActiveCfg = Debug|Any CPU
		{C74C0E5F-F6F6-4F31-8037-3BD9BC4F8A9A}.Debug|Any CPU.Build.0 = Debug|Any CPU
		{C74C0E5F-F6F6-4F31-8037-3BD9BC4F8A9A}.Release|Any CPU.ActiveCfg = Release|Any CPU
		{C74C0E5F-F6F6-4F31-8037-3BD9BC4F8A9A}.Release|Any CPU.Build.0 = Release|Any CPU
		{AFEF98C8-8959-4A39-BAC8-936E928D2F01}.Debug|Any CPU.ActiveCfg = Debug|Any CPU
		{AFEF98C8-8959-4A39-BAC8-936E928D2F01}.Debug|Any CPU.Build.0 = Debug|Any CPU
		{AFEF98C8-8959-4A39-BAC8-936E928D2F01}.Release|Any CPU.ActiveCfg = Release|Any CPU
		{AFEF98C8-8959-4A39-BAC8-936E928D2F01}.Release|Any CPU.Build.0 = Release|Any CPU
		{997319F9-49A5-4CF7-99BC-EEF54A8F3B45}.Debug|Any CPU.ActiveCfg = Debug|Any CPU
		{997319F9-49A5-4CF7-99BC-EEF54A8F3B45}.Debug|Any CPU.Build.0 = Debug|Any CPU
		{997319F9-49A5-4CF7-99BC-EEF54A8F3B45}.Release|Any CPU.ActiveCfg = Release|Any CPU
		{997319F9-49A5-4CF7-99BC-EEF54A8F3B45}.Release|Any CPU.Build.0 = Release|Any CPU
		{158B7023-77E4-4AC9-9444-DC82CC098CDC}.Debug|Any CPU.ActiveCfg = Debug|Any CPU
		{158B7023-77E4-4AC9-9444-DC82CC098CDC}.Debug|Any CPU.Build.0 = Debug|Any CPU
		{158B7023-77E4-4AC9-9444-DC82CC098CDC}.Release|Any CPU.ActiveCfg = Release|Any CPU
		{158B7023-77E4-4AC9-9444-DC82CC098CDC}.Release|Any CPU.Build.0 = Release|Any CPU
		{2DA90177-D105-48E4-A6DA-9422B328BF78}.Debug|Any CPU.ActiveCfg = Debug|Any CPU
		{2DA90177-D105-48E4-A6DA-9422B328BF78}.Debug|Any CPU.Build.0 = Debug|Any CPU
		{2DA90177-D105-48E4-A6DA-9422B328BF78}.Release|Any CPU.ActiveCfg = Release|Any CPU
		{2DA90177-D105-48E4-A6DA-9422B328BF78}.Release|Any CPU.Build.0 = Release|Any CPU
		{AD6A0275-3699-49F6-B876-D672AC23AAD9}.Debug|Any CPU.ActiveCfg = Debug|Any CPU
		{AD6A0275-3699-49F6-B876-D672AC23AAD9}.Debug|Any CPU.Build.0 = Debug|Any CPU
		{AD6A0275-3699-49F6-B876-D672AC23AAD9}.Release|Any CPU.ActiveCfg = Release|Any CPU
		{AD6A0275-3699-49F6-B876-D672AC23AAD9}.Release|Any CPU.Build.0 = Release|Any CPU
		{7CF11DF2-132A-4A3B-BC3C-22DD543FC5BE}.Debug|Any CPU.ActiveCfg = Debug|Any CPU
		{7CF11DF2-132A-4A3B-BC3C-22DD543FC5BE}.Debug|Any CPU.Build.0 = Debug|Any CPU
		{7CF11DF2-132A-4A3B-BC3C-22DD543FC5BE}.Release|Any CPU.ActiveCfg = Release|Any CPU
		{7CF11DF2-132A-4A3B-BC3C-22DD543FC5BE}.Release|Any CPU.Build.0 = Release|Any CPU
	EndGlobalSection
	GlobalSection(SolutionProperties) = preSolution
		HideSolutionNode = FALSE
	EndGlobalSection
	GlobalSection(ExtensibilityGlobals) = postSolution
		SolutionGuid = {B5D8E984-4AA8-4EA4-81DB-D18D891A2BDC}
	EndGlobalSection
EndGlobal
